
Microsoft Visual Studio Solution File, Format Version 12.00
# Visual Studio 15
VisualStudioVersion = 15.0.28010.2003
MinimumVisualStudioVersion = 10.0.40219.1
Project("{FAE04EC0-301F-11D3-BF4B-00C04F79EFBC}") = "Webjobs.API", "Webjobs.API\Webjobs.API.csproj", "{D9964E16-5EAF-4F17-9C83-48B7D4DD6D68}"
EndProject
Global
	GlobalSection(SolutionConfigurationPlatforms) = preSolution
		Debug|Any CPU = Debug|Any CPU
		Release|Any CPU = Release|Any CPU
	EndGlobalSection
	GlobalSection(ProjectConfigurationPlatforms) = postSolution
		{D9964E16-5EAF-4F17-9C83-48B7D4DD6D68}.Debug|Any CPU.ActiveCfg = Debug|Any CPU
		{D9964E16-5EAF-4F17-9C83-48B7D4DD6D68}.Debug|Any CPU.Build.0 = Debug|Any CPU
		{D9964E16-5EAF-4F17-9C83-48B7D4DD6D68}.Release|Any CPU.ActiveCfg = Release|Any CPU
		{D9964E16-5EAF-4F17-9C83-48B7D4DD6D68}.Release|Any CPU.Build.0 = Release|Any CPU
	EndGlobalSection
	GlobalSection(SolutionProperties) = preSolution
		HideSolutionNode = FALSE
	EndGlobalSection
	GlobalSection(ExtensibilityGlobals) = postSolution
		SolutionGuid = {0755117E-1497-49E9-9F11-85C72C2B7030}
	EndGlobalSection
EndGlobal
